{
    "_meta": {
        "hash": {
            "sha256": "70161122ea25c558a0d62b29ee83bb33239499b1c10ced1e791c4e700bdd75c9"
        },
        "pipfile-spec": 6,
        "requires": {
            "python_version": "3.10"
        },
        "sources": [
            {
                "name": "pypi",
                "url": "https://pypi.org/simple",
                "verify_ssl": true
            }
        ]
    },
    "default": {
        "babel": {
            "hashes": [
                "sha256:6919867db036398ba21eb5c7a0f6b28ab8cbc3ae7a73a44ebe34ae74a4e7d363",
                "sha256:efb1a25b7118e67ce3a259bed20545c29cb68be8ad2c784c83689981b7a57287"
            ],
            "index": "pypi",
            "markers": "python_version >= '3.7'",
            "version": "==2.14.0"
        }
    },
    "develop": {}
}
